
Microsoft Visual Studio Solution File, Format Version 12.00
Project("{F2A71F9B-5D33-465A-A702-920D77279786}") = "FLite.Core", "FLite.Core\FLite.Core.fsproj", "{ABB08DFE-1827-419E-B8DF-A17D4B876ABD}"
EndProject
Project("{F2A71F9B-5D33-465A-A702-920D77279786}") = "FLite.TestConsole", "FLite.TestConsole\FLite.TestConsole.fsproj", "{04E1679A-65DD-43C7-9FF6-A92FAFD8D6F8}"
EndProject
Project("{F2A71F9B-5D33-465A-A702-920D77279786}") = "FLite.Tests", "FLite.Tests\FLite.Tests.fsproj", "{EADED5C8-B46F-495D-8D06-CD534285B3EB}"
EndProject
Project("{2150E333-8FDC-42A3-9474-1A3956D46DE8}") = "Documentation", "Documentation", "{78FD15F2-FD78-4F2F-80D8-86F55BFB052B}"
ProjectSection(SolutionItems) = preProject
	LICENSE = LICENSE
	README.md = README.md
EndProjectSection
EndProject
Global
	GlobalSection(SolutionConfigurationPlatforms) = preSolution
		Debug|Any CPU = Debug|Any CPU
		Release|Any CPU = Release|Any CPU
	EndGlobalSection
	GlobalSection(ProjectConfigurationPlatforms) = postSolution
		{ABB08DFE-1827-419E-B8DF-A17D4B876ABD}.Debug|Any CPU.ActiveCfg = Debug|Any CPU
		{ABB08DFE-1827-419E-B8DF-A17D4B876ABD}.Debug|Any CPU.Build.0 = Debug|Any CPU
		{ABB08DFE-1827-419E-B8DF-A17D4B876ABD}.Release|Any CPU.ActiveCfg = Release|Any CPU
		{ABB08DFE-1827-419E-B8DF-A17D4B876ABD}.Release|Any CPU.Build.0 = Release|Any CPU
		{04E1679A-65DD-43C7-9FF6-A92FAFD8D6F8}.Debug|Any CPU.ActiveCfg = Debug|Any CPU
		{04E1679A-65DD-43C7-9FF6-A92FAFD8D6F8}.Debug|Any CPU.Build.0 = Debug|Any CPU
		{04E1679A-65DD-43C7-9FF6-A92FAFD8D6F8}.Release|Any CPU.ActiveCfg = Release|Any CPU
		{04E1679A-65DD-43C7-9FF6-A92FAFD8D6F8}.Release|Any CPU.Build.0 = Release|Any CPU
		{EADED5C8-B46F-495D-8D06-CD534285B3EB}.Debug|Any CPU.ActiveCfg = Debug|Any CPU
		{EADED5C8-B46F-495D-8D06-CD534285B3EB}.Debug|Any CPU.Build.0 = Debug|Any CPU
		{EADED5C8-B46F-495D-8D06-CD534285B3EB}.Release|Any CPU.ActiveCfg = Release|Any CPU
		{EADED5C8-B46F-495D-8D06-CD534285B3EB}.Release|Any CPU.Build.0 = Release|Any CPU
	EndGlobalSection
EndGlobal
